
Microsoft Visual Studio Solution File, Format Version 12.00
# Visual Studio 15
VisualStudioVersion = 15.0.27703.2035
MinimumVisualStudioVersion = 10.0.40219.1
Project("{9A19103F-16F7-4668-BE54-9A1E7A4F7556}") = "JeyLabsCodePuzzle.WebApp", "JeyLabsCodePuzzle.WebApp\JeyLabsCodePuzzle.WebApp.csproj", "{510C2632-5422-4E6C-A07A-76DA40AF5D1A}"
EndProject
Project("{9A19103F-16F7-4668-BE54-9A1E7A4F7556}") = "JeyLabsCodePuzzle.Domain2", "JeyLabsCodePuzzle.Domain2\JeyLabsCodePuzzle.Domain2.csproj", "{C4D5AA5C-D219-4D4D-8AD1-BC17423E1EA0}"
EndProject
Project("{9A19103F-16F7-4668-BE54-9A1E7A4F7556}") = "JeyLabsCodePuzzle.Domain2.Tests", "JeyLabsCodePuzzle.Domain2.Tests\JeyLabsCodePuzzle.Domain2.Tests.csproj", "{4E57B474-2996-4B30-B44B-0BD9A51AFF9F}"
EndProject
Project("{2150E333-8FDC-42A3-9474-1A3956D46DE8}") = "Tests", "Tests", "{436CDCD6-F704-4ACB-84EC-81832CE50E84}"
EndProject
Global
	GlobalSection(SolutionConfigurationPlatforms) = preSolution
		Debug|Any CPU = Debug|Any CPU
		Release|Any CPU = Release|Any CPU
	EndGlobalSection
	GlobalSection(ProjectConfigurationPlatforms) = postSolution
		{510C2632-5422-4E6C-A07A-76DA40AF5D1A}.Debug|Any CPU.ActiveCfg = Debug|Any CPU
		{510C2632-5422-4E6C-A07A-76DA40AF5D1A}.Debug|Any CPU.Build.0 = Debug|Any CPU
		{510C2632-5422-4E6C-A07A-76DA40AF5D1A}.Release|Any CPU.ActiveCfg = Release|Any CPU
		{510C2632-5422-4E6C-A07A-76DA40AF5D1A}.Release|Any CPU.Build.0 = Release|Any CPU
		{C4D5AA5C-D219-4D4D-8AD1-BC17423E1EA0}.Debug|Any CPU.ActiveCfg = Debug|Any CPU
		{C4D5AA5C-D219-4D4D-8AD1-BC17423E1EA0}.Debug|Any CPU.Build.0 = Debug|Any CPU
		{C4D5AA5C-D219-4D4D-8AD1-BC17423E1EA0}.Release|Any CPU.ActiveCfg = Release|Any CPU
		{C4D5AA5C-D219-4D4D-8AD1-BC17423E1EA0}.Release|Any CPU.Build.0 = Release|Any CPU
		{4E57B474-2996-4B30-B44B-0BD9A51AFF9F}.Debug|Any CPU.ActiveCfg = Debug|Any CPU
		{4E57B474-2996-4B30-B44B-0BD9A51AFF9F}.Debug|Any CPU.Build.0 = Debug|Any CPU
		{4E57B474-2996-4B30-B44B-0BD9A51AFF9F}.Release|Any CPU.ActiveCfg = Release|Any CPU
		{4E57B474-2996-4B30-B44B-0BD9A51AFF9F}.Release|Any CPU.Build.0 = Release|Any CPU
	EndGlobalSection
	GlobalSection(SolutionProperties) = preSolution
		HideSolutionNode = FALSE
	EndGlobalSection
	GlobalSection(NestedProjects) = preSolution
		{4E57B474-2996-4B30-B44B-0BD9A51AFF9F} = {436CDCD6-F704-4ACB-84EC-81832CE50E84}
	EndGlobalSection
	GlobalSection(ExtensibilityGlobals) = postSolution
		SolutionGuid = {C28B0DF7-D4F2-4DA1-A948-BE80509538D3}
	EndGlobalSection
EndGlobal
